{
  "name": "form-value-injector",
  "version": "1.0.5",
  "lockfileVersion": 1,
  "requires": true,
  "dependencies": {
    "input-value-injector": {
      "version": "1.0.5",
      "resolved": "https://registry.npmjs.org/input-value-injector/-/input-value-injector-1.0.5.tgz",
      "integrity": "sha512-R+CRgEkkhEAR152fRmvJ4Kq85KUxVdjMogQ20G5d56iVbInp4WpPjoqObR0CfrNEDW68aR9VTHv8qX7eATvbfA==",
      "requires": {
        "moment": "^2.19.2"
      }
    },
    "moment": {
      "version": "2.25.3",
      "resolved": "https://registry.npmjs.org/moment/-/moment-2.25.3.tgz",
      "integrity": "sha512-PuYv0PHxZvzc15Sp8ybUCoQ+xpyPWvjOuK72a5ovzp2LI32rJXOiIfyoFoYvG3s6EwwrdkMyWuRiEHSZRLJNdg=="
    },
    "select-value-injector": {
      "version": "1.0.1",
      "resolved": "https://registry.npmjs.org/select-value-injector/-/select-value-injector-1.0.1.tgz",
      "integrity": "sha512-8zbBNZwTieVx6cutIIF6nlSTpPj+X457fmLSgmtCzoYER4wEm8auZPXxuRGZxgAvIecFvnm6gPyOYLkjlGrnYA=="
    },
    "textarea-value-injector": {
      "version": "1.0.1",
      "resolved": "https://registry.npmjs.org/textarea-value-injector/-/textarea-value-injector-1.0.1.tgz",
      "integrity": "sha512-la+AT0IjrZRDhBiGj21atWl5IOpb2c+XA1P6TI0MbhrWuawgvbKTiI3WCBFh8lLW3XmrqrnROCX8rPA/Xw+/fg=="
    }
  }
}
