{
  "name": "form-value-injector",
  "version": "0.0.0",
  "lockfileVersion": 1,
  "requires": true,
  "dependencies": {
    "input-value-injector": {
      "version": "1.0.0",
      "resolved": "https://registry.npmjs.org/input-value-injector/-/input-value-injector-1.0.0.tgz",
      "integrity": "sha512-HtY1Sy4gEVFtBzb4BgixMJkCeo3uAsGA0/VHduFmG0j+Fb745PtHNrs1aklHZvnY9ft2n0LMw/r1tnhI1whoYA==",
      "requires": {
        "moment": "2.22.1"
      }
    },
    "moment": {
      "version": "2.22.1",
      "resolved": "https://registry.npmjs.org/moment/-/moment-2.22.1.tgz",
      "integrity": "sha512-shJkRTSebXvsVqk56I+lkb2latjBs8I+pc2TzWc545y2iFnSjm7Wg0QMh+ZWcdSLQyGEau5jI8ocnmkyTgr9YQ=="
    },
    "select-value-injector": {
      "version": "1.0.0",
      "resolved": "https://registry.npmjs.org/select-value-injector/-/select-value-injector-1.0.0.tgz",
      "integrity": "sha512-td8R/yzOTlilOVtlwiLJeEemWYe/uk3iLPQynxKXaZnsnGqvAy5I0GvSaVbjKg7iaXys+ugMI9zbRhiZ0oAICA=="
    },
    "textarea-value-injector": {
      "version": "1.0.0",
      "resolved": "https://registry.npmjs.org/textarea-value-injector/-/textarea-value-injector-1.0.0.tgz",
      "integrity": "sha512-RRMAfL2uaxRcBa/wTwShg1xn8sHQ0a/97gTxmw7alzugaNj0/UVs3i9vHocU3nP0TiRyoBAS6g4+Gc6ZGEyoFw=="
    }
  }
}
